<?xml version="1.0" encoding="UTF-8" standalone="yes" ?>
<CodeBlocks_project_file>
	<FileVersion major="1" minor="6" />
	<Project>
		<Option title="Reinstall Main application" />
		<Option makefile_is_custom="1" />
		<Option pch_mode="2" />
		<Option compiler="gcc" />
		<Build>
			<Target title="Debug">
				<Option output=".bin/Debug/reinstall" prefix_auto="1" extension_auto="1" />
				<Option object_output=".obj/Debug/" />
				<Option type="1" />
				<Option compiler="gcc" />
				<Option parameters="--output=/tmp/test.iso" />
				<Compiler>
					<Add option="-g" />
				</Compiler>
			</Target>
			<Target title="Release">
				<Option output=".bin/Release/Reinstall Main application" prefix_auto="1" extension_auto="1" />
				<Option object_output=".obj/Release/" />
				<Option type="1" />
				<Option compiler="gcc" />
				<Compiler>
					<Add option="-O2" />
				</Compiler>
				<Linker>
					<Add option="-s" />
				</Linker>
			</Target>
		</Build>
		<Compiler>
			<Add option="-Wall" />
		</Compiler>
		<Unit filename="src/application/main.cc" />
		<Unit filename="src/include/config.h" />
		<Unit filename="src/include/private/application.h" />
		<Unit filename="src/include/private/mainwindow.h" />
		<Unit filename="src/include/reinstall/disk/abstract.h" />
		<Unit filename="src/include/reinstall/writer/abstract.h" />
		<Unit filename="submodules/libudjatui/intl/eval-plural.h" />
		<Unit filename="submodules/libudjatui/intl/gettextP.h" />
		<Unit filename="submodules/libudjatui/intl/gmo.h" />
		<Unit filename="submodules/libudjatui/intl/hash-string.h" />
		<Unit filename="submodules/libudjatui/intl/loadinfo.h" />
		<Unit filename="submodules/libudjatui/intl/localcharset.h" />
		<Unit filename="submodules/libudjatui/intl/os2compat.h" />
		<Unit filename="submodules/libudjatui/intl/plural-exp.h" />
		<Unit filename="submodules/libudjatui/intl/printf-args.h" />
		<Unit filename="submodules/libudjatui/intl/printf-parse.h" />
		<Unit filename="submodules/libudjatui/intl/relocatable.h" />
		<Unit filename="submodules/libudjatui/intl/vasnprintf.h" />
		<Unit filename="submodules/libudjatui/intl/vasnwprintf.h" />
		<Unit filename="submodules/libudjatui/intl/wprintf-parse.h" />
		<Unit filename="submodules/libudjatui/intl/xsize.h" />
		<Unit filename="submodules/libudjatui/src/include/udjat/tools/userinterface.h" />
		<Unit filename="submodules/libudjatui/src/include/udjat/ui/application.h" />
		<Unit filename="submodules/libudjatui/src/include/udjat/ui/dialog.h" />
		<Unit filename="submodules/libudjatui/src/include/udjat/ui/dialogs/popup.h" />
		<Unit filename="submodules/libudjatui/src/include/udjat/ui/dialogs/progress.h" />
		<Unit filename="submodules/libudjatui/src/include/udjat/ui/gtk/application.h" />
		<Unit filename="submodules/libudjatui/src/include/udjat/ui/gtk/icon.h" />
		<Unit filename="submodules/libudjatui/src/include/udjat/ui/gtk/label.h" />
		<Unit filename="submodules/libudjatui/src/include/udjat/ui/gtk/popup.h" />
		<Unit filename="submodules/libudjatui/src/include/udjat/ui/gtk/progress.h" />
		<Unit filename="submodules/libudjatui/src/include/udjat/ui/gtk/userinterface.h" />
		<Unit filename="submodules/libudjatui/src/include/udjat/ui/menu.h" />
		<Extensions>
			<code_completion>
				<search_path add="submodules/libudjatui/src/include" />
			</code_completion>
		</Extensions>
	</Project>
</CodeBlocks_project_file>
